
Microsoft Visual Studio Solution File, Format Version 12.00
# Visual Studio 15
VisualStudioVersion = 15.0.28307.539
MinimumVisualStudioVersion = 10.0.40219.1
Project("{FAE04EC0-301F-11D3-BF4B-00C04F79EFBC}") = "assignment1", "assignment1\assignment1.csproj", "{3A4C41C5-FD04-4CCC-8209-AE543085E1ED}"
EndProject
Global
	GlobalSection(SolutionConfigurationPlatforms) = preSolution
		Debug|Any CPU = Debug|Any CPU
		Release|Any CPU = Release|Any CPU
	EndGlobalSection
	GlobalSection(ProjectConfigurationPlatforms) = postSolution
		{3A4C41C5-FD04-4CCC-8209-AE543085E1ED}.Debug|Any CPU.ActiveCfg = Debug|Any CPU
		{3A4C41C5-FD04-4CCC-8209-AE543085E1ED}.Debug|Any CPU.Build.0 = Debug|Any CPU
		{3A4C41C5-FD04-4CCC-8209-AE543085E1ED}.Release|Any CPU.ActiveCfg = Release|Any CPU
		{3A4C41C5-FD04-4CCC-8209-AE543085E1ED}.Release|Any CPU.Build.0 = Release|Any CPU
	EndGlobalSection
	GlobalSection(SolutionProperties) = preSolution
		HideSolutionNode = FALSE
	EndGlobalSection
	GlobalSection(ExtensibilityGlobals) = postSolution
		SolutionGuid = {BB2E3A95-64ED-46E1-8135-73A05F356A73}
	EndGlobalSection
EndGlobal
